
Microsoft Visual Studio Solution File, Format Version 12.00
# Visual Studio Version 17
VisualStudioVersion = 17.7.34031.279
MinimumVisualStudioVersion = 10.0.40219.1
Project("{FAE04EC0-301F-11D3-BF4B-00C04F79EFBC}") = "ConsoleApp4", "ConsoleApp4.csproj", "{C939D416-21D4-4A64-B75F-64989A152E0A}"
EndProject
Global
	GlobalSection(SolutionConfigurationPlatforms) = preSolution
		Debug|Any CPU = Debug|Any CPU
		Release|Any CPU = Release|Any CPU
	EndGlobalSection
	GlobalSection(ProjectConfigurationPlatforms) = postSolution
		{C939D416-21D4-4A64-B75F-64989A152E0A}.Debug|Any CPU.ActiveCfg = Debug|Any CPU
		{C939D416-21D4-4A64-B75F-64989A152E0A}.Debug|Any CPU.Build.0 = Debug|Any CPU
		{C939D416-21D4-4A64-B75F-64989A152E0A}.Release|Any CPU.ActiveCfg = Release|Any CPU
		{C939D416-21D4-4A64-B75F-64989A152E0A}.Release|Any CPU.Build.0 = Release|Any CPU
	EndGlobalSection
	GlobalSection(SolutionProperties) = preSolution
		HideSolutionNode = FALSE
	EndGlobalSection
	GlobalSection(ExtensibilityGlobals) = postSolution
		SolutionGuid = {42E6E752-03BB-42B9-BEB8-09AE786D37A2}
	EndGlobalSection
EndGlobal
